{
  "version": 4,
  "terraform_version": "1.7.3",
  "serial": 34,
  "lineage": "d2f443b7-ea92-c4a8-8b9d-4cf2d1f45425",
  "outputs": {},
  "resources": [
    {
      "mode": "data",
      "type": "azurerm_resource_group",
      "name": "existing_rg",
      "provider": "provider[\"registry.terraform.io/hashicorp/azurerm\"]",
      "instances": [
        {
          "schema_version": 0,
          "attributes": {
            "id": "/subscriptions/f0d6d5a1-20dd-4d8d-b92d-1f50488acae4/resourceGroups/Windows-VM-ILB",
            "location": "southeastasia",
            "managed_by": "",
            "name": "Windows-VM-ILB",
            "tags": {},
            "timeouts": null
          },
          "sensitive_attributes": []
        }
      ]
    },
    {
      "mode": "data",
      "type": "azurerm_virtual_network",
      "name": "existing_vnet",
      "provider": "provider[\"registry.terraform.io/hashicorp/azurerm\"]",
      "instances": [
        {
          "schema_version": 0,
          "attributes": {
            "address_space": [
              "10.0.0.0/16"
            ],
            "dns_servers": [
              "10.0.0.7"
            ],
            "guid": "0d0f69e5-393e-4f91-8c3d-452f24aa02c2",
            "id": "/subscriptions/f0d6d5a1-20dd-4d8d-b92d-1f50488acae4/resourceGroups/Windows-VM-ILB/providers/Microsoft.Network/virtualNetworks/MyVnet",
            "location": "southeastasia",
            "name": "MyVnet",
            "resource_group_name": "Windows-VM-ILB",
            "subnets": [
              "Subnet",
              "Subnet-1",
              "GatewaySubnet",
              "AzureBastionSubnet",
              "azterrasubnet"
            ],
            "tags": {},
            "timeouts": null,
            "vnet_peerings": {
              "usrmgmt1": "/subscriptions/f0d6d5a1-20dd-4d8d-b92d-1f50488acae4/resourceGroups/LDAPgrp/providers/Microsoft.Network/virtualNetworks/OLDAP-Server-vnet"
            },
            "vnet_peerings_addresses": [
              "10.1.0.0/16"
            ]
          },
          "sensitive_attributes": []
        }
      ]
    },
    {
      "mode": "managed",
      "type": "azurerm_subnet",
      "name": "terrasubnet",
      "provider": "provider[\"registry.terraform.io/hashicorp/azurerm\"]",
      "instances": [
        {
          "schema_version": 0,
          "attributes": {
            "address_prefixes": [
              "10.0.4.0/24"
            ],
            "delegation": [],
            "enforce_private_link_endpoint_network_policies": false,
            "enforce_private_link_service_network_policies": false,
            "id": "/subscriptions/f0d6d5a1-20dd-4d8d-b92d-1f50488acae4/resourceGroups/Windows-VM-ILB/providers/Microsoft.Network/virtualNetworks/MyVnet/subnets/azterrasubnet",
            "name": "azterrasubnet",
            "private_endpoint_network_policies_enabled": true,
            "private_link_service_network_policies_enabled": true,
            "resource_group_name": "Windows-VM-ILB",
            "service_endpoint_policy_ids": [],
            "service_endpoints": [],
            "timeouts": null,
            "virtual_network_name": "MyVnet"
          },
          "sensitive_attributes": [],
          "private": "eyJlMmJmYjczMC1lY2FhLTExZTYtOGY4OC0zNDM2M2JjN2M0YzAiOnsiY3JlYXRlIjoxODAwMDAwMDAwMDAwLCJkZWxldGUiOjE4MDAwMDAwMDAwMDAsInJlYWQiOjMwMDAwMDAwMDAwMCwidXBkYXRlIjoxODAwMDAwMDAwMDAwfX0=",
          "dependencies": [
            "data.azurerm_resource_group.existing_rg",
            "data.azurerm_virtual_network.existing_vnet"
          ]
        }
      ]
    }
  ],
  "check_results": null
}
